<?xml version="1.0"?>
<Project ToolsVersion="4.0" xmlns="http://schemas.microsoft.com/developer/msbuild/2003">
	<ItemGroup>
		<ClCompile Include="src\testApp.cpp">
			<Filter>src</Filter>
		</ClCompile>
		<ClCompile Include="src\main.cpp">
			<Filter>src</Filter>
		</ClCompile>
		<ClCompile Include="..\..\..\addons\ofxXmlSettings\src\ofxXmlSettings.cpp">
			<Filter>addons\ofxXmlSettings\src</Filter>
		</ClCompile>
		<ClCompile Include="..\..\..\addons\ofxXmlSettings\libs\tinyxmlerror.cpp">
			<Filter>addons\ofxXmlSettings\libs</Filter>
		</ClCompile>
		<ClCompile Include="..\..\..\addons\ofxXmlSettings\libs\tinyxml.cpp">
			<Filter>addons\ofxXmlSettings\libs</Filter>
		</ClCompile>
		<ClCompile Include="..\..\..\addons\ofxXmlSettings\libs\tinyxmlparser.cpp">
			<Filter>addons\ofxXmlSettings\libs</Filter>
		</ClCompile>
	</ItemGroup>
	<ItemGroup>
		<Filter Include="src">
			<UniqueIdentifier>{d8376475-7454-4a24-b08a-aac121d3ad6f}</UniqueIdentifier>
		</Filter>
		<Filter Include="addons">
			<UniqueIdentifier>{71834f65-f3a9-211e-73b8-dc85}</UniqueIdentifier>
		</Filter>
		<Filter Include="addons\ofxXmlSettings">
			<UniqueIdentifier>{877f005d-13e6-0592-1d97-f2e3}</UniqueIdentifier>
		</Filter>
		<Filter Include="addons\ofxXmlSettings\src">
			<UniqueIdentifier>{ccb2ac63-49d2-977c-cfe8-aead}</UniqueIdentifier>
		</Filter>
		<Filter Include="addons\ofxXmlSettings\libs">
			<UniqueIdentifier>{687714a8-1662-fa1c-261f-50f0}</UniqueIdentifier>
		</Filter>
	</ItemGroup>
	<ItemGroup>
		<ClInclude Include="src\testApp.h">
			<Filter>src</Filter>
		</ClInclude>
		<ClInclude Include="..\..\..\addons\ofxXmlSettings\src\ofxXmlSettings.h">
			<Filter>addons\ofxXmlSettings\src</Filter>
		</ClInclude>
		<ClInclude Include="..\..\..\addons\ofxXmlSettings\libs\tinyxml.h">
			<Filter>addons\ofxXmlSettings\libs</Filter>
		</ClInclude>
	</ItemGroup>
	<ItemGroup>
		<ResourceCompile Include="icon.rc" />
	</ItemGroup>
</Project>
