<?xml version="1.0"?>
<Project ToolsVersion="4.0" xmlns="http://schemas.microsoft.com/developer/msbuild/2003">
	<ItemGroup>
		<ClCompile Include="src\testApp.cpp">
			<Filter>src</Filter>
		</ClCompile>
		<ClCompile Include="src\main.cpp">
			<Filter>src</Filter>
		</ClCompile>
		<ClCompile Include="..\..\..\addons\ofxAssimpModelLoader\src\ofxAssimpAnimation.cpp">
			<Filter>addons\ofxAssimpModelLoader\src</Filter>
		</ClCompile>
		<ClCompile Include="..\..\..\addons\ofxAssimpModelLoader\src\ofxAssimpMeshHelper.cpp">
			<Filter>addons\ofxAssimpModelLoader\src</Filter>
		</ClCompile>
		<ClCompile Include="..\..\..\addons\ofxAssimpModelLoader\src\ofxAssimpModelLoader.cpp">
			<Filter>addons\ofxAssimpModelLoader\src</Filter>
		</ClCompile>
		<ClCompile Include="..\..\..\addons\ofxAssimpModelLoader\src\ofxAssimpTexture.cpp">
			<Filter>addons\ofxAssimpModelLoader\src</Filter>
		</ClCompile>
	</ItemGroup>
	<ItemGroup>
		<Filter Include="src">
			<UniqueIdentifier>{d8376475-7454-4a24-b08a-aac121d3ad6f}</UniqueIdentifier>
		</Filter>
		<Filter Include="addons">
			<UniqueIdentifier>{71834f65-f3a9-211e-73b8-dc85}</UniqueIdentifier>
		</Filter>
		<Filter Include="addons\ofxAssimpModelLoader">
			<UniqueIdentifier>{de65d9f7-840a-cd0a-a555-ea3b}</UniqueIdentifier>
		</Filter>
		<Filter Include="addons\ofxAssimpModelLoader\src">
			<UniqueIdentifier>{b84008dc-4b5e-271b-05da-d8c8}</UniqueIdentifier>
		</Filter>
		<Filter Include="addons\ofxAssimpModelLoader\libs">
			<UniqueIdentifier>{3d854f79-fa4a-75fa-fc0a-2b25}</UniqueIdentifier>
		</Filter>
		<Filter Include="addons\ofxAssimpModelLoader\libs\assimp">
			<UniqueIdentifier>{fe8b5295-d3a7-b9cd-89c9-2613}</UniqueIdentifier>
		</Filter>
		<Filter Include="addons\ofxAssimpModelLoader\libs\assimp\include">
			<UniqueIdentifier>{edc34c4f-5d44-fb76-337e-ee48}</UniqueIdentifier>
		</Filter>
		<Filter Include="addons\ofxAssimpModelLoader\libs\assimp\include\Compiler">
			<UniqueIdentifier>{e4500551-64e5-7412-70fa-bc1b}</UniqueIdentifier>
		</Filter>
	</ItemGroup>
	<ItemGroup>
		<ClInclude Include="src\testApp.h">
			<Filter>src</Filter>
		</ClInclude>
		<ClInclude Include="..\..\..\addons\ofxAssimpModelLoader\src\ofxAssimpMeshHelper.h">
			<Filter>addons\ofxAssimpModelLoader\src</Filter>
		</ClInclude>
		<ClInclude Include="..\..\..\addons\ofxAssimpModelLoader\src\ofxAssimpModelLoader.h">
			<Filter>addons\ofxAssimpModelLoader\src</Filter>
		</ClInclude>
		<ClInclude Include="..\..\..\addons\ofxAssimpModelLoader\src\ofxAssimpTexture.h">
			<Filter>addons\ofxAssimpModelLoader\src</Filter>
		</ClInclude>
		<ClInclude Include="..\..\..\addons\ofxAssimpModelLoader\src\ofxAssimpUtils.h">
			<Filter>addons\ofxAssimpModelLoader\src</Filter>
		</ClInclude>
		<ClInclude Include="..\..\..\addons\ofxAssimpModelLoader\src\ofxAssimpAnimation.h">
			<Filter>addons\ofxAssimpModelLoader\src</Filter>
		</ClInclude>
		<ClInclude Include="..\..\..\addons\ofxAssimpModelLoader\libs\assimp\include\aiTypes.h">
			<Filter>addons\ofxAssimpModelLoader\libs\assimp\include</Filter>
		</ClInclude>
		<ClInclude Include="..\..\..\addons\ofxAssimpModelLoader\libs\assimp\include\aiAnim.h">
			<Filter>addons\ofxAssimpModelLoader\libs\assimp\include</Filter>
		</ClInclude>
		<ClInclude Include="..\..\..\addons\ofxAssimpModelLoader\libs\assimp\include\aiQuaternion.h">
			<Filter>addons\ofxAssimpModelLoader\libs\assimp\include</Filter>
		</ClInclude>
		<ClInclude Include="..\..\..\addons\ofxAssimpModelLoader\libs\assimp\include\aiFileIO.h">
			<Filter>addons\ofxAssimpModelLoader\libs\assimp\include</Filter>
		</ClInclude>
		<ClInclude Include="..\..\..\addons\ofxAssimpModelLoader\libs\assimp\include\aiAssert.h">
			<Filter>addons\ofxAssimpModelLoader\libs\assimp\include</Filter>
		</ClInclude>
		<ClInclude Include="..\..\..\addons\ofxAssimpModelLoader\libs\assimp\include\ProgressHandler.h">
			<Filter>addons\ofxAssimpModelLoader\libs\assimp\include</Filter>
		</ClInclude>
		<ClInclude Include="..\..\..\addons\ofxAssimpModelLoader\libs\assimp\include\aiLight.h">
			<Filter>addons\ofxAssimpModelLoader\libs\assimp\include</Filter>
		</ClInclude>
		<ClInclude Include="..\..\..\addons\ofxAssimpModelLoader\libs\assimp\include\assimp.hpp">
			<Filter>addons\ofxAssimpModelLoader\libs\assimp\include</Filter>
		</ClInclude>
		<ClInclude Include="..\..\..\addons\ofxAssimpModelLoader\libs\assimp\include\IOStream.h">
			<Filter>addons\ofxAssimpModelLoader\libs\assimp\include</Filter>
		</ClInclude>
		<ClInclude Include="..\..\..\addons\ofxAssimpModelLoader\libs\assimp\include\LogStream.h">
			<Filter>addons\ofxAssimpModelLoader\libs\assimp\include</Filter>
		</ClInclude>
		<ClInclude Include="..\..\..\addons\ofxAssimpModelLoader\libs\assimp\include\aiScene.h">
			<Filter>addons\ofxAssimpModelLoader\libs\assimp\include</Filter>
		</ClInclude>
		<ClInclude Include="..\..\..\addons\ofxAssimpModelLoader\libs\assimp\include\aiMatrix3x3.h">
			<Filter>addons\ofxAssimpModelLoader\libs\assimp\include</Filter>
		</ClInclude>
		<ClInclude Include="..\..\..\addons\ofxAssimpModelLoader\libs\assimp\include\aiColor4D.h">
			<Filter>addons\ofxAssimpModelLoader\libs\assimp\include</Filter>
		</ClInclude>
		<ClInclude Include="..\..\..\addons\ofxAssimpModelLoader\libs\assimp\include\aiDefines.h">
			<Filter>addons\ofxAssimpModelLoader\libs\assimp\include</Filter>
		</ClInclude>
		<ClInclude Include="..\..\..\addons\ofxAssimpModelLoader\libs\assimp\include\aiMesh.h">
			<Filter>addons\ofxAssimpModelLoader\libs\assimp\include</Filter>
		</ClInclude>
		<ClInclude Include="..\..\..\addons\ofxAssimpModelLoader\libs\assimp\include\aiTexture.h">
			<Filter>addons\ofxAssimpModelLoader\libs\assimp\include</Filter>
		</ClInclude>
		<ClInclude Include="..\..\..\addons\ofxAssimpModelLoader\libs\assimp\include\NullLogger.h">
			<Filter>addons\ofxAssimpModelLoader\libs\assimp\include</Filter>
		</ClInclude>
		<ClInclude Include="..\..\..\addons\ofxAssimpModelLoader\libs\assimp\include\aiMatrix4x4.h">
			<Filter>addons\ofxAssimpModelLoader\libs\assimp\include</Filter>
		</ClInclude>
		<ClInclude Include="..\..\..\addons\ofxAssimpModelLoader\libs\assimp\include\aiVector3D.h">
			<Filter>addons\ofxAssimpModelLoader\libs\assimp\include</Filter>
		</ClInclude>
		<ClInclude Include="..\..\..\addons\ofxAssimpModelLoader\libs\assimp\include\aiConfig.h">
			<Filter>addons\ofxAssimpModelLoader\libs\assimp\include</Filter>
		</ClInclude>
		<ClInclude Include="..\..\..\addons\ofxAssimpModelLoader\libs\assimp\include\Logger.h">
			<Filter>addons\ofxAssimpModelLoader\libs\assimp\include</Filter>
		</ClInclude>
		<ClInclude Include="..\..\..\addons\ofxAssimpModelLoader\libs\assimp\include\aiVector2D.h">
			<Filter>addons\ofxAssimpModelLoader\libs\assimp\include</Filter>
		</ClInclude>
		<ClInclude Include="..\..\..\addons\ofxAssimpModelLoader\libs\assimp\include\aiMaterial.h">
			<Filter>addons\ofxAssimpModelLoader\libs\assimp\include</Filter>
		</ClInclude>
		<ClInclude Include="..\..\..\addons\ofxAssimpModelLoader\libs\assimp\include\aiVersion.h">
			<Filter>addons\ofxAssimpModelLoader\libs\assimp\include</Filter>
		</ClInclude>
		<ClInclude Include="..\..\..\addons\ofxAssimpModelLoader\libs\assimp\include\aiPostProcess.h">
			<Filter>addons\ofxAssimpModelLoader\libs\assimp\include</Filter>
		</ClInclude>
		<ClInclude Include="..\..\..\addons\ofxAssimpModelLoader\libs\assimp\include\aiCamera.h">
			<Filter>addons\ofxAssimpModelLoader\libs\assimp\include</Filter>
		</ClInclude>
		<ClInclude Include="..\..\..\addons\ofxAssimpModelLoader\libs\assimp\include\Compiler\poppack1.h">
			<Filter>addons\ofxAssimpModelLoader\libs\assimp\include\Compiler</Filter>
		</ClInclude>
		<ClInclude Include="..\..\..\addons\ofxAssimpModelLoader\libs\assimp\include\Compiler\pushpack1.h">
			<Filter>addons\ofxAssimpModelLoader\libs\assimp\include\Compiler</Filter>
		</ClInclude>
		<ClInclude Include="..\..\..\addons\ofxAssimpModelLoader\libs\assimp\include\IOSystem.h">
			<Filter>addons\ofxAssimpModelLoader\libs\assimp\include</Filter>
		</ClInclude>
		<ClInclude Include="..\..\..\addons\ofxAssimpModelLoader\libs\assimp\include\assimp.h">
			<Filter>addons\ofxAssimpModelLoader\libs\assimp\include</Filter>
		</ClInclude>
		<ClInclude Include="..\..\..\addons\ofxAssimpModelLoader\libs\assimp\include\DefaultLogger.h">
			<Filter>addons\ofxAssimpModelLoader\libs\assimp\include</Filter>
		</ClInclude>
	</ItemGroup>
	<ItemGroup>
		<ResourceCompile Include="icon.rc" />
	</ItemGroup>
</Project>
