<?xml version="1.0"?>
<Project ToolsVersion="4.0" xmlns="http://schemas.microsoft.com/developer/msbuild/2003">
	<ItemGroup>
		<ClCompile Include="src\testApp.cpp">
			<Filter>src</Filter>
		</ClCompile>
		<ClCompile Include="src\main.cpp">
			<Filter>src</Filter>
		</ClCompile>
		<ClCompile Include="..\..\..\addons\ofxNetwork\src\ofxTCPClient.cpp">
			<Filter>addons\ofxNetwork\src</Filter>
		</ClCompile>
		<ClCompile Include="..\..\..\addons\ofxNetwork\src\ofxTCPServer.cpp">
			<Filter>addons\ofxNetwork\src</Filter>
		</ClCompile>
		<ClCompile Include="..\..\..\addons\ofxNetwork\src\ofxTCPManager.cpp">
			<Filter>addons\ofxNetwork\src</Filter>
		</ClCompile>
		<ClCompile Include="..\..\..\addons\ofxNetwork\src\ofxUDPManager.cpp">
			<Filter>addons\ofxNetwork\src</Filter>
		</ClCompile>
	</ItemGroup>
	<ItemGroup>
		<Filter Include="src">
			<UniqueIdentifier>{d8376475-7454-4a24-b08a-aac121d3ad6f}</UniqueIdentifier>
		</Filter>
		<Filter Include="addons">
			<UniqueIdentifier>{71834f65-f3a9-211e-73b8-dc85}</UniqueIdentifier>
		</Filter>
		<Filter Include="addons\ofxNetwork">
			<UniqueIdentifier>{01a15744-29a6-108d-08e9-83a7}</UniqueIdentifier>
		</Filter>
		<Filter Include="addons\ofxNetwork\src">
			<UniqueIdentifier>{3d1c10c7-8f35-e796-9c70-f5f3}</UniqueIdentifier>
		</Filter>
	</ItemGroup>
	<ItemGroup>
		<ClInclude Include="src\testApp.h">
			<Filter>src</Filter>
		</ClInclude>
		<ClInclude Include="..\..\..\addons\ofxNetwork\src\ofxTCPClient.h">
			<Filter>addons\ofxNetwork\src</Filter>
		</ClInclude>
		<ClInclude Include="..\..\..\addons\ofxNetwork\src\ofxNetwork.h">
			<Filter>addons\ofxNetwork\src</Filter>
		</ClInclude>
		<ClInclude Include="..\..\..\addons\ofxNetwork\src\ofxTCPServer.h">
			<Filter>addons\ofxNetwork\src</Filter>
		</ClInclude>
		<ClInclude Include="..\..\..\addons\ofxNetwork\src\ofxNetworkUtils.h">
			<Filter>addons\ofxNetwork\src</Filter>
		</ClInclude>
		<ClInclude Include="..\..\..\addons\ofxNetwork\src\ofxTCPManager.h">
			<Filter>addons\ofxNetwork\src</Filter>
		</ClInclude>
		<ClInclude Include="..\..\..\addons\ofxNetwork\src\ofxUDPManager.h">
			<Filter>addons\ofxNetwork\src</Filter>
		</ClInclude>
	</ItemGroup>
	<ItemGroup>
		<ResourceCompile Include="icon.rc" />
	</ItemGroup>
</Project>
